
Microsoft Visual Studio Solution File, Format Version 12.00
# Visual Studio 15
VisualStudioVersion = 15.0.26730.12
MinimumVisualStudioVersion = 10.0.40219.1
Project("{FAE04EC0-301F-11D3-BF4B-00C04F79EFBC}") = "Table", "Table\Table.csproj", "{B27B9E02-DC6B-45D3-9871-8D433279CD62}"
EndProject
Global
	GlobalSection(SolutionConfigurationPlatforms) = preSolution
		Debug|Any CPU = Debug|Any CPU
		Release|Any CPU = Release|Any CPU
	EndGlobalSection
	GlobalSection(ProjectConfigurationPlatforms) = postSolution
		{B27B9E02-DC6B-45D3-9871-8D433279CD62}.Debug|Any CPU.ActiveCfg = Debug|Any CPU
		{B27B9E02-DC6B-45D3-9871-8D433279CD62}.Debug|Any CPU.Build.0 = Debug|Any CPU
		{B27B9E02-DC6B-45D3-9871-8D433279CD62}.Release|Any CPU.ActiveCfg = Release|Any CPU
		{B27B9E02-DC6B-45D3-9871-8D433279CD62}.Release|Any CPU.Build.0 = Release|Any CPU
	EndGlobalSection
	GlobalSection(SolutionProperties) = preSolution
		HideSolutionNode = FALSE
	EndGlobalSection
	GlobalSection(ExtensibilityGlobals) = postSolution
		SolutionGuid = {2AB4557E-ED7A-40C3-B39F-1E1F233C41A1}
	EndGlobalSection
EndGlobal
